PODS:
  - Alamofire (3.0.0-beta.3)
  - BFPaperButton (2.0.18):
    - UIColor+BFPaperColors
  - BFPaperTabBarController (2.1.11):
    - UIColor+BFPaperColors
  - BFPaperTableViewCell (2.3.3):
    - UIColor+BFPaperColors
  - Facade (1.0.1)
  - FFCircularProgressView (0.5)
  - GSIndeterminateProgressBar (0.1.0)
  - HMSegmentedControl (1.5.2)
  - KeychainAccess (2.0.1)
  - MobileVLCKit (2.2.2)
  - MRProgress (0.8.2):
    - MRProgress/ActivityIndicator (= 0.8.2)
    - MRProgress/Blur (= 0.8.2)
    - MRProgress/Circular (= 0.8.2)
    - MRProgress/Icons (= 0.8.2)
    - MRProgress/NavigationBarProgress (= 0.8.2)
    - MRProgress/Overlay (= 0.8.2)
  - MRProgress/ActivityIndicator (0.8.2):
    - MRProgress/Stopable
  - MRProgress/Blur (0.8.2):
    - MRProgress/Helper
  - MRProgress/Circular (0.8.2):
    - MRProgress/Helper
    - MRProgress/ProgressBaseClass
    - MRProgress/Stopable
  - MRProgress/Helper (0.8.2)
  - MRProgress/Icons (0.8.2)
  - MRProgress/NavigationBarProgress (0.8.2):
    - MRProgress/ProgressBaseClass
  - MRProgress/Overlay (0.8.2):
    - MRProgress/ActivityIndicator
    - MRProgress/Blur
    - MRProgress/Circular
    - MRProgress/Helper
    - MRProgress/Icons
  - MRProgress/ProgressBaseClass (0.8.2)
  - MRProgress/Stopable (0.8.2):
    - MRProgress/Helper
  - SDWebImage (3.7.3):
    - SDWebImage/Core (= 3.7.3)
  - SDWebImage/Core (3.7.3)
  - SugarRecord/Core (1.0.7)
  - SugarRecord/CoreData (1.0.7):
    - SugarRecord/Core
  - SwiftyJSON (2.3.0)
  - UIColor+BFPaperColors (1.7.1)

DEPENDENCIES:
  - Alamofire (~> 3.0.0-beta.3)
  - BFPaperButton (~> 2.0.18)
  - BFPaperTabBarController (~> 2.1.11)
  - BFPaperTableViewCell (~> 2.3.3)
  - Facade (~> 1.0.1)
  - FFCircularProgressView (~> 0.3)
  - GSIndeterminateProgressBar (~> 0.1.0)
  - HMSegmentedControl (~> 1.5.2)
  - KeychainAccess (~> 2.0.1)
  - MobileVLCKit (from `http://code.videolan.org/videolan/VLCKit.git`, tag `2.2.2-pre4`)
  - MRProgress (~> 0.8.2)
  - SDWebImage (~> 3.7.3)
  - SugarRecord/CoreData (from `https://github.com/tonyxiao/SugarRecord.git`, commit
    `8253757e26f57869c4b3baebf8f63dfe59f6ee55`)
  - SwiftyJSON (~> 2.3.0)
  - UIColor+BFPaperColors (~> 1.7.1)

EXTERNAL SOURCES:
  MobileVLCKit:
    :git: http://code.videolan.org/videolan/VLCKit.git
    :tag: 2.2.2-pre4
  SugarRecord:
    :commit: 8253757e26f57869c4b3baebf8f63dfe59f6ee55
    :git: https://github.com/tonyxiao/SugarRecord.git

CHECKOUT OPTIONS:
  MobileVLCKit:
    :git: http://code.videolan.org/videolan/VLCKit.git
    :tag: 2.2.2-pre4
  SugarRecord:
    :commit: 8253757e26f57869c4b3baebf8f63dfe59f6ee55
    :git: https://github.com/tonyxiao/SugarRecord.git

SPEC CHECKSUMS:
  Alamofire: c89149e58431f6f94527e8c01f920456afe39bd0
  BFPaperButton: 16b3ec9c2964d24f89f623a4113321d3f003ed60
  BFPaperTabBarController: 197befdaa258e3790664be49f7c979e38264d355
  BFPaperTableViewCell: 71fbd5fc1b3479c0c8620dc121d31d2a6694b4a8
  Facade: 2a0c9ad1808ce29d22b5b9d018c8349cb3beb41f
  FFCircularProgressView: 683a4ab1e1bd613246a3dffa61503ffdebcde8d8
  GSIndeterminateProgressBar: eb29d5968109d803518379e925e74eb74b4a8d97
  HMSegmentedControl: 83b9686022d2176fb6457d2bdb61e5d6393fed7d
  KeychainAccess: 4f43261905701098847f6995a2de3fe8b90284df
  MobileVLCKit: 653fcdb297c6337b44e1c16dea01d5e733c19ec1
  MRProgress: f4cfe862082418e8f542f077772283f425d6c699
  SDWebImage: 1d2b1a1efda1ade1b00b6f8498865f8ddedc8a84
  SugarRecord: 9d55ce666e8161eacdc95c996173eb53eb6d3683
  SwiftyJSON: 8d6b61a70277ef2a5d710d372e06e7e2d87fb9e4
  UIColor+BFPaperColors: b1efa4320e2f56c4b14f73232faf967ba0e5b4a2

COCOAPODS: 0.38.2
