// !$*UTF8*$!
{
	archiveVersion = 1;
	classes = {
	};
	objectVersion = 46;
	objects = {

/* Begin PBXBuildFile section */
		097A6E636FDE92C568ED36C7 /* Pods_YRYRTests.framework in Frameworks */ = {isa = PBXBuildFile; fileRef = BD3692B0279BD04F20756884 /* Pods_YRYRTests.framework */; settings = {ATTRIBUTES = (Weak, ); }; };
		9E8C3BE41B18A32300C57833 /* AppDelegate.swift in Sources */ = {isa = PBXBuildFile; fileRef = 9E8C3BE31B18A32300C57833 /* AppDelegate.swift */; };
		9E8C3BE71B18A32300C57833 /* YRYR.xcdatamodeld in Sources */ = {isa = PBXBuildFile; fileRef = 9E8C3BE51B18A32300C57833 /* YRYR.xcdatamodeld */; };
		9E8C3BE91B18A32300C57833 /* ViewController.swift in Sources */ = {isa = PBXBuildFile; fileRef = 9E8C3BE81B18A32300C57833 /* ViewController.swift */; };
		9E8C3BEC1B18A32300C57833 /* Main.storyboard in Resources */ = {isa = PBXBuildFile; fileRef = 9E8C3BEA1B18A32300C57833 /* Main.storyboard */; };
		9E8C3BEE1B18A32300C57833 /* Images.xcassets in Resources */ = {isa = PBXBuildFile; fileRef = 9E8C3BED1B18A32300C57833 /* Images.xcassets */; };
		9E8C3BF11B18A32300C57833 /* LaunchScreen.xib in Resources */ = {isa = PBXBuildFile; fileRef = 9E8C3BEF1B18A32300C57833 /* LaunchScreen.xib */; };
		9E8C3BFD1B18A32300C57833 /* YRYRTests.swift in Sources */ = {isa = PBXBuildFile; fileRef = 9E8C3BFC1B18A32300C57833 /* YRYRTests.swift */; };
		9E8C3C071B18A9E600C57833 /* PVRChannel.swift in Sources */ = {isa = PBXBuildFile; fileRef = 9E8C3C061B18A9E600C57833 /* PVRChannel.swift */; };
		9E8C3C091B18AA3E00C57833 /* PVRProgram.swift in Sources */ = {isa = PBXBuildFile; fileRef = 9E8C3C081B18AA3E00C57833 /* PVRProgram.swift */; };
		9E8C3C0B1B18AAC600C57833 /* PVRManager.swift in Sources */ = {isa = PBXBuildFile; fileRef = 9E8C3C0A1B18AAC600C57833 /* PVRManager.swift */; };
		9E8C3C0E1B18ADC100C57833 /* ChinachuPVRManager.swift in Sources */ = {isa = PBXBuildFile; fileRef = 9E8C3C0D1B18ADC100C57833 /* ChinachuPVRManager.swift */; };
		9E8C3C0F1B18ADEF00C57833 /* PVRChannel.swift in Sources */ = {isa = PBXBuildFile; fileRef = 9E8C3C061B18A9E600C57833 /* PVRChannel.swift */; };
		9E8C3C101B18ADF200C57833 /* PVRProgram.swift in Sources */ = {isa = PBXBuildFile; fileRef = 9E8C3C081B18AA3E00C57833 /* PVRProgram.swift */; };
		9E8C3C111B18ADF600C57833 /* PVRManager.swift in Sources */ = {isa = PBXBuildFile; fileRef = 9E8C3C0A1B18AAC600C57833 /* PVRManager.swift */; };
		9E8C3C121B18ADFC00C57833 /* ChinachuPVRManager.swift in Sources */ = {isa = PBXBuildFile; fileRef = 9E8C3C0D1B18ADC100C57833 /* ChinachuPVRManager.swift */; };
		9E8C3C151B18B89000C57833 /* SettingTableViewController.swift in Sources */ = {isa = PBXBuildFile; fileRef = 9E8C3C141B18B89000C57833 /* SettingTableViewController.swift */; };
		9EA4EEE91B1CEA77008D4059 /* Empty.mm in Sources */ = {isa = PBXBuildFile; fileRef = 9EA4EEE81B1CEA77008D4059 /* Empty.mm */; };
		9EA4EEEB1B1CEC3C008D4059 /* VideoPlayViewController.swift in Sources */ = {isa = PBXBuildFile; fileRef = 9EA4EEEA1B1CEC3C008D4059 /* VideoPlayViewController.swift */; };
		9EB59A761B2E80DF0046846B /* RecordingTableViewController.swift in Sources */ = {isa = PBXBuildFile; fileRef = 9EB59A751B2E80DF0046846B /* RecordingTableViewController.swift */; };
		9EBC8D361B1B9F3D00E95548 /* ProgramDetailViewController.swift in Sources */ = {isa = PBXBuildFile; fileRef = 9EBC8D351B1B9F3D00E95548 /* ProgramDetailViewController.swift */; };
		9EE583761B1DFBC50011E41A /* PVRProgramStore.swift in Sources */ = {isa = PBXBuildFile; fileRef = 9EE583751B1DFBC50011E41A /* PVRProgramStore.swift */; };
		9EE583781B1DFBC60011E41A /* PVRChannelStore.swift in Sources */ = {isa = PBXBuildFile; fileRef = 9EE583771B1DFBC60011E41A /* PVRChannelStore.swift */; };
		9EF414721B18E4A40096C2CE /* ProgramInfoTableViewCell.swift in Sources */ = {isa = PBXBuildFile; fileRef = 9EF414701B18E4A40096C2CE /* ProgramInfoTableViewCell.swift */; };
		9EF414731B18E4A40096C2CE /* ProgramInfoTableViewCell.xib in Resources */ = {isa = PBXBuildFile; fileRef = 9EF414711B18E4A40096C2CE /* ProgramInfoTableViewCell.xib */; };
		9EF414761B18E5180096C2CE /* ProgramTableViewController.swift in Sources */ = {isa = PBXBuildFile; fileRef = 9EF414751B18E5180096C2CE /* ProgramTableViewController.swift */; };
		A2AE20420DF69DDE9D0DDBA4 /* Pods_YRYR.framework in Frameworks */ = {isa = PBXBuildFile; fileRef = F573239C182A07098638B044 /* Pods_YRYR.framework */; settings = {ATTRIBUTES = (Weak, ); }; };
/* End PBXBuildFile section */

/* Begin PBXContainerItemProxy section */
		9E8C3BF71B18A32300C57833 /* PBXContainerItemProxy */ = {
			isa = PBXContainerItemProxy;
			containerPortal = 9E8C3BD61B18A32300C57833 /* Project object */;
			proxyType = 1;
			remoteGlobalIDString = 9E8C3BDD1B18A32300C57833;
			remoteInfo = YRYR;
		};
/* End PBXContainerItemProxy section */

/* Begin PBXFileReference section */
		9E8C3BDE1B18A32300C57833 /* YRYR.app */ = {isa = PBXFileReference; explicitFileType = wrapper.application; includeInIndex = 0; path = YRYR.app; sourceTree = BUILT_PRODUCTS_DIR; };
		9E8C3BE21B18A32300C57833 /* Info.plist */ = {isa = PBXFileReference; lastKnownFileType = text.plist.xml; path = Info.plist; sourceTree = "<group>"; };
		9E8C3BE31B18A32300C57833 /* AppDelegate.swift */ = {isa = PBXFileReference; lastKnownFileType = sourcecode.swift; path = AppDelegate.swift; sourceTree = "<group>"; };
		9E8C3BE61B18A32300C57833 /* YRYR.xcdatamodel */ = {isa = PBXFileReference; lastKnownFileType = wrapper.xcdatamodel; path = YRYR.xcdatamodel; sourceTree = "<group>"; };
		9E8C3BE81B18A32300C57833 /* ViewController.swift */ = {isa = PBXFileReference; lastKnownFileType = sourcecode.swift; path = ViewController.swift; sourceTree = "<group>"; };
		9E8C3BEB1B18A32300C57833 /* Base */ = {isa = PBXFileReference; lastKnownFileType = file.storyboard; name = Base; path = Base.lproj/Main.storyboard; sourceTree = "<group>"; };
		9E8C3BED1B18A32300C57833 /* Images.xcassets */ = {isa = PBXFileReference; lastKnownFileType = folder.assetcatalog; path = Images.xcassets; sourceTree = "<group>"; };
		9E8C3BF01B18A32300C57833 /* Base */ = {isa = PBXFileReference; lastKnownFileType = file.xib; name = Base; path = Base.lproj/LaunchScreen.xib; sourceTree = "<group>"; };
		9E8C3BF61B18A32300C57833 /* YRYRTests.xctest */ = {isa = PBXFileReference; explicitFileType = wrapper.cfbundle; includeInIndex = 0; path = YRYRTests.xctest; sourceTree = BUILT_PRODUCTS_DIR; };
		9E8C3BFB1B18A32300C57833 /* Info.plist */ = {isa = PBXFileReference; lastKnownFileType = text.plist.xml; path = Info.plist; sourceTree = "<group>"; };
		9E8C3BFC1B18A32300C57833 /* YRYRTests.swift */ = {isa = PBXFileReference; lastKnownFileType = sourcecode.swift; path = YRYRTests.swift; sourceTree = "<group>"; };
		9E8C3C061B18A9E600C57833 /* PVRChannel.swift */ = {isa = PBXFileReference; fileEncoding = 4; lastKnownFileType = sourcecode.swift; name = PVRChannel.swift; path = PVRManager/PVRChannel.swift; sourceTree = "<group>"; };
		9E8C3C081B18AA3E00C57833 /* PVRProgram.swift */ = {isa = PBXFileReference; fileEncoding = 4; lastKnownFileType = sourcecode.swift; name = PVRProgram.swift; path = PVRManager/PVRProgram.swift; sourceTree = "<group>"; };
		9E8C3C0A1B18AAC600C57833 /* PVRManager.swift */ = {isa = PBXFileReference; fileEncoding = 4; lastKnownFileType = sourcecode.swift; name = PVRManager.swift; path = PVRManager/PVRManager.swift; sourceTree = "<group>"; };
		9E8C3C0D1B18ADC100C57833 /* ChinachuPVRManager.swift */ = {isa = PBXFileReference; fileEncoding = 4; lastKnownFileType = sourcecode.swift; path = ChinachuPVRManager.swift; sourceTree = "<group>"; };
		9E8C3C141B18B89000C57833 /* SettingTableViewController.swift */ = {isa = PBXFileReference; fileEncoding = 4; lastKnownFileType = sourcecode.swift; path = SettingTableViewController.swift; sourceTree = "<group>"; };
		9EA4EEE81B1CEA77008D4059 /* Empty.mm */ = {isa = PBXFileReference; fileEncoding = 4; lastKnownFileType = sourcecode.cpp.objcpp; path = Empty.mm; sourceTree = "<group>"; };
		9EA4EEEA1B1CEC3C008D4059 /* VideoPlayViewController.swift */ = {isa = PBXFileReference; fileEncoding = 4; lastKnownFileType = sourcecode.swift; path = VideoPlayViewController.swift; sourceTree = "<group>"; };
		9EA4EF241B1CF0A2008D4059 /* YRYR-Bridging-Header.h */ = {isa = PBXFileReference; lastKnownFileType = sourcecode.c.h; path = "YRYR-Bridging-Header.h"; sourceTree = "<group>"; };
		9EB59A751B2E80DF0046846B /* RecordingTableViewController.swift */ = {isa = PBXFileReference; fileEncoding = 4; lastKnownFileType = sourcecode.swift; path = RecordingTableViewController.swift; sourceTree = "<group>"; };
		9EBC8D351B1B9F3D00E95548 /* ProgramDetailViewController.swift */ = {isa = PBXFileReference; fileEncoding = 4; lastKnownFileType = sourcecode.swift; path = ProgramDetailViewController.swift; sourceTree = "<group>"; };
		9EE583751B1DFBC50011E41A /* PVRProgramStore.swift */ = {isa = PBXFileReference; fileEncoding = 4; lastKnownFileType = sourcecode.swift; name = PVRProgramStore.swift; path = CoreDataObject/PVRProgramStore.swift; sourceTree = "<group>"; };
		9EE583771B1DFBC60011E41A /* PVRChannelStore.swift */ = {isa = PBXFileReference; fileEncoding = 4; lastKnownFileType = sourcecode.swift; name = PVRChannelStore.swift; path = CoreDataObject/PVRChannelStore.swift; sourceTree = "<group>"; };
		9EF414701B18E4A40096C2CE /* ProgramInfoTableViewCell.swift */ = {isa = PBXFileReference; fileEncoding = 4; lastKnownFileType = sourcecode.swift; name = ProgramInfoTableViewCell.swift; path = View/ProgramInfoTableViewCell.swift; sourceTree = "<group>"; };
		9EF414711B18E4A40096C2CE /* ProgramInfoTableViewCell.xib */ = {isa = PBXFileReference; fileEncoding = 4; lastKnownFileType = file.xib; name = ProgramInfoTableViewCell.xib; path = View/ProgramInfoTableViewCell.xib; sourceTree = "<group>"; };
		9EF414751B18E5180096C2CE /* ProgramTableViewController.swift */ = {isa = PBXFileReference; fileEncoding = 4; lastKnownFileType = sourcecode.swift; path = ProgramTableViewController.swift; sourceTree = "<group>"; };
		A5F597D4BE7C786FFA9E3FB0 /* Pods-YRYR.release.xcconfig */ = {isa = PBXFileReference; includeInIndex = 1; lastKnownFileType = text.xcconfig; name = "Pods-YRYR.release.xcconfig"; path = "Pods/Target Support Files/Pods-YRYR/Pods-YRYR.release.xcconfig"; sourceTree = "<group>"; };
		B21758A94EFD85CF6C3C0630 /* Pods-YRYR.debug.xcconfig */ = {isa = PBXFileReference; includeInIndex = 1; lastKnownFileType = text.xcconfig; name = "Pods-YRYR.debug.xcconfig"; path = "Pods/Target Support Files/Pods-YRYR/Pods-YRYR.debug.xcconfig"; sourceTree = "<group>"; };
		BD3692B0279BD04F20756884 /* Pods_YRYRTests.framework */ = {isa = PBXFileReference; explicitFileType = wrapper.framework; includeInIndex = 0; path = Pods_YRYRTests.framework; sourceTree = BUILT_PRODUCTS_DIR; };
		C8A199934B21681BD333F101 /* Pods-YRYRTests.release.xcconfig */ = {isa = PBXFileReference; includeInIndex = 1; lastKnownFileType = text.xcconfig; name = "Pods-YRYRTests.release.xcconfig"; path = "Pods/Target Support Files/Pods-YRYRTests/Pods-YRYRTests.release.xcconfig"; sourceTree = "<group>"; };
		D9057D486511C7DB374E83F0 /* Pods-YRYRTests.debug.xcconfig */ = {isa = PBXFileReference; includeInIndex = 1; lastKnownFileType = text.xcconfig; name = "Pods-YRYRTests.debug.xcconfig"; path = "Pods/Target Support Files/Pods-YRYRTests/Pods-YRYRTests.debug.xcconfig"; sourceTree = "<group>"; };
		F573239C182A07098638B044 /* Pods_YRYR.framework */ = {isa = PBXFileReference; explicitFileType = wrapper.framework; includeInIndex = 0; path = Pods_YRYR.framework; sourceTree = BUILT_PRODUCTS_DIR; };
/* End PBXFileReference section */

/* Begin PBXFrameworksBuildPhase section */
		9E8C3BDB1B18A32300C57833 /* Frameworks */ = {
			isa = PBXFrameworksBuildPhase;
			buildActionMask = 2147483647;
			files = (
				A2AE20420DF69DDE9D0DDBA4 /* Pods_YRYR.framework in Frameworks */,
			);
			runOnlyForDeploymentPostprocessing = 0;
		};
		9E8C3BF31B18A32300C57833 /* Frameworks */ = {
			isa = PBXFrameworksBuildPhase;
			buildActionMask = 2147483647;
			files = (
				097A6E636FDE92C568ED36C7 /* Pods_YRYRTests.framework in Frameworks */,
			);
			runOnlyForDeploymentPostprocessing = 0;
		};
/* End PBXFrameworksBuildPhase section */

/* Begin PBXGroup section */
		9E8C3BD51B18A32300C57833 = {
			isa = PBXGroup;
			children = (
				9E8C3BE01B18A32300C57833 /* YRYR */,
				9E8C3BF91B18A32300C57833 /* YRYRTests */,
				9E8C3BDF1B18A32300C57833 /* Products */,
				D7CC54F143B29419CE66FBEF /* Pods */,
				D2F6794212C6D1AF7ACCF684 /* Frameworks */,
			);
			sourceTree = "<group>";
		};
		9E8C3BDF1B18A32300C57833 /* Products */ = {
			isa = PBXGroup;
			children = (
				9E8C3BDE1B18A32300C57833 /* YRYR.app */,
				9E8C3BF61B18A32300C57833 /* YRYRTests.xctest */,
			);
			name = Products;
			sourceTree = "<group>";
		};
		9E8C3BE01B18A32300C57833 /* YRYR */ = {
			isa = PBXGroup;
			children = (
				9EE583791B1DFBCC0011E41A /* CoreDataObject */,
				9E8C3BE31B18A32300C57833 /* AppDelegate.swift */,
				9E8C3C0D1B18ADC100C57833 /* ChinachuPVRManager.swift */,
				9E8C3C0C1B18AB5500C57833 /* PVRManager */,
				9E8C3BE81B18A32300C57833 /* ViewController.swift */,
				9EBC8D351B1B9F3D00E95548 /* ProgramDetailViewController.swift */,
				9EF414751B18E5180096C2CE /* ProgramTableViewController.swift */,
				9EB59A751B2E80DF0046846B /* RecordingTableViewController.swift */,
				9EA4EEEA1B1CEC3C008D4059 /* VideoPlayViewController.swift */,
				9E8C3C141B18B89000C57833 /* SettingTableViewController.swift */,
				9E8C3BEA1B18A32300C57833 /* Main.storyboard */,
				9EF414741B18E4AB0096C2CE /* View */,
				9E8C3BED1B18A32300C57833 /* Images.xcassets */,
				9E8C3BEF1B18A32300C57833 /* LaunchScreen.xib */,
				9E8C3BE51B18A32300C57833 /* YRYR.xcdatamodeld */,
				9EA4EEE81B1CEA77008D4059 /* Empty.mm */,
				9EA4EF241B1CF0A2008D4059 /* YRYR-Bridging-Header.h */,
				9E8C3BE11B18A32300C57833 /* Supporting Files */,
			);
			path = YRYR;
			sourceTree = "<group>";
		};
		9E8C3BE11B18A32300C57833 /* Supporting Files */ = {
			isa = PBXGroup;
			children = (
				9E8C3BE21B18A32300C57833 /* Info.plist */,
			);
			name = "Supporting Files";
			sourceTree = "<group>";
		};
		9E8C3BF91B18A32300C57833 /* YRYRTests */ = {
			isa = PBXGroup;
			children = (
				9E8C3BFC1B18A32300C57833 /* YRYRTests.swift */,
				9E8C3BFA1B18A32300C57833 /* Supporting Files */,
			);
			path = YRYRTests;
			sourceTree = "<group>";
		};
		9E8C3BFA1B18A32300C57833 /* Supporting Files */ = {
			isa = PBXGroup;
			children = (
				9E8C3BFB1B18A32300C57833 /* Info.plist */,
			);
			name = "Supporting Files";
			sourceTree = "<group>";
		};
		9E8C3C0C1B18AB5500C57833 /* PVRManager */ = {
			isa = PBXGroup;
			children = (
				9E8C3C061B18A9E600C57833 /* PVRChannel.swift */,
				9E8C3C081B18AA3E00C57833 /* PVRProgram.swift */,
				9E8C3C0A1B18AAC600C57833 /* PVRManager.swift */,
			);
			name = PVRManager;
			sourceTree = "<group>";
		};
		9EE583791B1DFBCC0011E41A /* CoreDataObject */ = {
			isa = PBXGroup;
			children = (
				9EE583771B1DFBC60011E41A /* PVRChannelStore.swift */,
				9EE583751B1DFBC50011E41A /* PVRProgramStore.swift */,
			);
			name = CoreDataObject;
			sourceTree = "<group>";
		};
		9EF414741B18E4AB0096C2CE /* View */ = {
			isa = PBXGroup;
			children = (
				9EF414701B18E4A40096C2CE /* ProgramInfoTableViewCell.swift */,
				9EF414711B18E4A40096C2CE /* ProgramInfoTableViewCell.xib */,
			);
			name = View;
			sourceTree = "<group>";
		};
		D2F6794212C6D1AF7ACCF684 /* Frameworks */ = {
			isa = PBXGroup;
			children = (
				F573239C182A07098638B044 /* Pods_YRYR.framework */,
				BD3692B0279BD04F20756884 /* Pods_YRYRTests.framework */,
			);
			name = Frameworks;
			sourceTree = "<group>";
		};
		D7CC54F143B29419CE66FBEF /* Pods */ = {
			isa = PBXGroup;
			children = (
				B21758A94EFD85CF6C3C0630 /* Pods-YRYR.debug.xcconfig */,
				A5F597D4BE7C786FFA9E3FB0 /* Pods-YRYR.release.xcconfig */,
				D9057D486511C7DB374E83F0 /* Pods-YRYRTests.debug.xcconfig */,
				C8A199934B21681BD333F101 /* Pods-YRYRTests.release.xcconfig */,
			);
			name = Pods;
			sourceTree = "<group>";
		};
/* End PBXGroup section */

/* Begin PBXNativeTarget section */
		9E8C3BDD1B18A32300C57833 /* YRYR */ = {
			isa = PBXNativeTarget;
			buildConfigurationList = 9E8C3C001B18A32300C57833 /* Build configuration list for PBXNativeTarget "YRYR" */;
			buildPhases = (
				254637CF764DD9F52F360A99 /* Check Pods Manifest.lock */,
				9E8C3BDA1B18A32300C57833 /* Sources */,
				9E8C3BDB1B18A32300C57833 /* Frameworks */,
				9E8C3BDC1B18A32300C57833 /* Resources */,
				E5FE32CB05C63338EBC6EFB8 /* Embed Pods Frameworks */,
				56ECE64276406512D91392DF /* Copy Pods Resources */,
			);
			buildRules = (
			);
			dependencies = (
			);
			name = YRYR;
			productName = YRYR;
			productReference = 9E8C3BDE1B18A32300C57833 /* YRYR.app */;
			productType = "com.apple.product-type.application";
		};
		9E8C3BF51B18A32300C57833 /* YRYRTests */ = {
			isa = PBXNativeTarget;
			buildConfigurationList = 9E8C3C031B18A32300C57833 /* Build configuration list for PBXNativeTarget "YRYRTests" */;
			buildPhases = (
				961640084924127EC44F1B26 /* Check Pods Manifest.lock */,
				9E8C3BF21B18A32300C57833 /* Sources */,
				9E8C3BF31B18A32300C57833 /* Frameworks */,
				9E8C3BF41B18A32300C57833 /* Resources */,
				DEA9297403F3C8E66FFE06AE /* Embed Pods Frameworks */,
				39F5B33E31E74F569DA6BC74 /* Copy Pods Resources */,
			);
			buildRules = (
			);
			dependencies = (
				9E8C3BF81B18A32300C57833 /* PBXTargetDependency */,
			);
			name = YRYRTests;
			productName = YRYRTests;
			productReference = 9E8C3BF61B18A32300C57833 /* YRYRTests.xctest */;
			productType = "com.apple.product-type.bundle.unit-test";
		};
/* End PBXNativeTarget section */

/* Begin PBXProject section */
		9E8C3BD61B18A32300C57833 /* Project object */ = {
			isa = PBXProject;
			attributes = {
				LastUpgradeCheck = 0630;
				ORGANIZATIONNAME = "Yuki MIZUNO";
				TargetAttributes = {
					9E8C3BDD1B18A32300C57833 = {
						CreatedOnToolsVersion = 6.3;
						SystemCapabilities = {
							com.apple.BackgroundModes = {
								enabled = 1;
							};
						};
					};
					9E8C3BF51B18A32300C57833 = {
						CreatedOnToolsVersion = 6.3;
						TestTargetID = 9E8C3BDD1B18A32300C57833;
					};
				};
			};
			buildConfigurationList = 9E8C3BD91B18A32300C57833 /* Build configuration list for PBXProject "YRYR" */;
			compatibilityVersion = "Xcode 3.2";
			developmentRegion = English;
			hasScannedForEncodings = 0;
			knownRegions = (
				en,
				Base,
			);
			mainGroup = 9E8C3BD51B18A32300C57833;
			productRefGroup = 9E8C3BDF1B18A32300C57833 /* Products */;
			projectDirPath = "";
			projectRoot = "";
			targets = (
				9E8C3BDD1B18A32300C57833 /* YRYR */,
				9E8C3BF51B18A32300C57833 /* YRYRTests */,
			);
		};
/* End PBXProject section */

/* Begin PBXResourcesBuildPhase section */
		9E8C3BDC1B18A32300C57833 /* Resources */ = {
			isa = PBXResourcesBuildPhase;
			buildActionMask = 2147483647;
			files = (
				9EF414731B18E4A40096C2CE /* ProgramInfoTableViewCell.xib in Resources */,
				9E8C3BEC1B18A32300C57833 /* Main.storyboard in Resources */,
				9E8C3BF11B18A32300C57833 /* LaunchScreen.xib in Resources */,
				9E8C3BEE1B18A32300C57833 /* Images.xcassets in Resources */,
			);
			runOnlyForDeploymentPostprocessing = 0;
		};
		9E8C3BF41B18A32300C57833 /* Resources */ = {
			isa = PBXResourcesBuildPhase;
			buildActionMask = 2147483647;
			files = (
			);
			runOnlyForDeploymentPostprocessing = 0;
		};
/* End PBXResourcesBuildPhase section */

/* Begin PBXShellScriptBuildPhase section */
		254637CF764DD9F52F360A99 /* Check Pods Manifest.lock */ = {
			isa = PBXShellScriptBuildPhase;
			buildActionMask = 2147483647;
			files = (
			);
			inputPaths = (
			);
			name = "Check Pods Manifest.lock";
			outputPaths = (
			);
			runOnlyForDeploymentPostprocessing = 0;
			shellPath = /bin/sh;
			shellScript = "diff \"${PODS_ROOT}/../Podfile.lock\" \"${PODS_ROOT}/Manifest.lock\" > /dev/null\nif [[ $? != 0 ]] ; then\n    cat << EOM\nerror: The sandbox is not in sync with the Podfile.lock. Run 'pod install' or update your CocoaPods installation.\nEOM\n    exit 1\nfi\n";
			showEnvVarsInLog = 0;
		};
		39F5B33E31E74F569DA6BC74 /* Copy Pods Resources */ = {
			isa = PBXShellScriptBuildPhase;
			buildActionMask = 2147483647;
			files = (
			);
			inputPaths = (
			);
			name = "Copy Pods Resources";
			outputPaths = (
			);
			runOnlyForDeploymentPostprocessing = 0;
			shellPath = /bin/sh;
			shellScript = "\"${SRCROOT}/Pods/Target Support Files/Pods-YRYRTests/Pods-YRYRTests-resources.sh\"\n";
			showEnvVarsInLog = 0;
		};
		56ECE64276406512D91392DF /* Copy Pods Resources */ = {
			isa = PBXShellScriptBuildPhase;
			buildActionMask = 2147483647;
			files = (
			);
			inputPaths = (
			);
			name = "Copy Pods Resources";
			outputPaths = (
			);
			runOnlyForDeploymentPostprocessing = 0;
			shellPath = /bin/sh;
			shellScript = "\"${SRCROOT}/Pods/Target Support Files/Pods-YRYR/Pods-YRYR-resources.sh\"\n";
			showEnvVarsInLog = 0;
		};
		961640084924127EC44F1B26 /* Check Pods Manifest.lock */ = {
			isa = PBXShellScriptBuildPhase;
			buildActionMask = 2147483647;
			files = (
			);
			inputPaths = (
			);
			name = "Check Pods Manifest.lock";
			outputPaths = (
			);
			runOnlyForDeploymentPostprocessing = 0;
			shellPath = /bin/sh;
			shellScript = "diff \"${PODS_ROOT}/../Podfile.lock\" \"${PODS_ROOT}/Manifest.lock\" > /dev/null\nif [[ $? != 0 ]] ; then\n    cat << EOM\nerror: The sandbox is not in sync with the Podfile.lock. Run 'pod install' or update your CocoaPods installation.\nEOM\n    exit 1\nfi\n";
			showEnvVarsInLog = 0;
		};
		DEA9297403F3C8E66FFE06AE /* Embed Pods Frameworks */ = {
			isa = PBXShellScriptBuildPhase;
			buildActionMask = 2147483647;
			files = (
			);
			inputPaths = (
			);
			name = "Embed Pods Frameworks";
			outputPaths = (
			);
			runOnlyForDeploymentPostprocessing = 0;
			shellPath = /bin/sh;
			shellScript = "\"${SRCROOT}/Pods/Target Support Files/Pods-YRYRTests/Pods-YRYRTests-frameworks.sh\"\n";
			showEnvVarsInLog = 0;
		};
		E5FE32CB05C63338EBC6EFB8 /* Embed Pods Frameworks */ = {
			isa = PBXShellScriptBuildPhase;
			buildActionMask = 2147483647;
			files = (
			);
			inputPaths = (
			);
			name = "Embed Pods Frameworks";
			outputPaths = (
			);
			runOnlyForDeploymentPostprocessing = 0;
			shellPath = /bin/sh;
			shellScript = "\"${SRCROOT}/Pods/Target Support Files/Pods-YRYR/Pods-YRYR-frameworks.sh\"\n";
			showEnvVarsInLog = 0;
		};
/* End PBXShellScriptBuildPhase section */

/* Begin PBXSourcesBuildPhase section */
		9E8C3BDA1B18A32300C57833 /* Sources */ = {
			isa = PBXSourcesBuildPhase;
			buildActionMask = 2147483647;
			files = (
				9EF414721B18E4A40096C2CE /* ProgramInfoTableViewCell.swift in Sources */,
				9EF414761B18E5180096C2CE /* ProgramTableViewController.swift in Sources */,
				9E8C3C151B18B89000C57833 /* SettingTableViewController.swift in Sources */,
				9EE583761B1DFBC50011E41A /* PVRProgramStore.swift in Sources */,
				9EB59A761B2E80DF0046846B /* RecordingTableViewController.swift in Sources */,
				9E8C3C0B1B18AAC600C57833 /* PVRManager.swift in Sources */,
				9E8C3C071B18A9E600C57833 /* PVRChannel.swift in Sources */,
				9EA4EEEB1B1CEC3C008D4059 /* VideoPlayViewController.swift in Sources */,
				9E8C3BE91B18A32300C57833 /* ViewController.swift in Sources */,
				9EBC8D361B1B9F3D00E95548 /* ProgramDetailViewController.swift in Sources */,
				9E8C3BE41B18A32300C57833 /* AppDelegate.swift in Sources */,
				9E8C3C091B18AA3E00C57833 /* PVRProgram.swift in Sources */,
				9EA4EEE91B1CEA77008D4059 /* Empty.mm in Sources */,
				9E8C3C0E1B18ADC100C57833 /* ChinachuPVRManager.swift in Sources */,
				9E8C3BE71B18A32300C57833 /* YRYR.xcdatamodeld in Sources */,
				9EE583781B1DFBC60011E41A /* PVRChannelStore.swift in Sources */,
			);
			runOnlyForDeploymentPostprocessing = 0;
		};
		9E8C3BF21B18A32300C57833 /* Sources */ = {
			isa = PBXSourcesBuildPhase;
			buildActionMask = 2147483647;
			files = (
				9E8C3C121B18ADFC00C57833 /* ChinachuPVRManager.swift in Sources */,
				9E8C3C0F1B18ADEF00C57833 /* PVRChannel.swift in Sources */,
				9E8C3C101B18ADF200C57833 /* PVRProgram.swift in Sources */,
				9E8C3C111B18ADF600C57833 /* PVRManager.swift in Sources */,
				9E8C3BFD1B18A32300C57833 /* YRYRTests.swift in Sources */,
			);
			runOnlyForDeploymentPostprocessing = 0;
		};
/* End PBXSourcesBuildPhase section */

/* Begin PBXTargetDependency section */
		9E8C3BF81B18A32300C57833 /* PBXTargetDependency */ = {
			isa = PBXTargetDependency;
			target = 9E8C3BDD1B18A32300C57833 /* YRYR */;
			targetProxy = 9E8C3BF71B18A32300C57833 /* PBXContainerItemProxy */;
		};
/* End PBXTargetDependency section */

/* Begin PBXVariantGroup section */
		9E8C3BEA1B18A32300C57833 /* Main.storyboard */ = {
			isa = PBXVariantGroup;
			children = (
				9E8C3BEB1B18A32300C57833 /* Base */,
			);
			name = Main.storyboard;
			sourceTree = "<group>";
		};
		9E8C3BEF1B18A32300C57833 /* LaunchScreen.xib */ = {
			isa = PBXVariantGroup;
			children = (
				9E8C3BF01B18A32300C57833 /* Base */,
			);
			name = LaunchScreen.xib;
			sourceTree = "<group>";
		};
/* End PBXVariantGroup section */

/* Begin XCBuildConfiguration section */
		9E8C3BFE1B18A32300C57833 /* Debug */ = {
			isa = XCBuildConfiguration;
			buildSettings = {
				ALWAYS_SEARCH_USER_PATHS = NO;
				CLANG_CXX_LANGUAGE_STANDARD = "gnu++0x";
				CLANG_CXX_LIBRARY = "libstdc++";
				CLANG_ENABLE_MODULES = YES;
				CLANG_ENABLE_OBJC_ARC = YES;
				CLANG_WARN_BOOL_CONVERSION = YES;
				CLANG_WARN_CONSTANT_CONVERSION = YES;
				CLANG_WARN_DIRECT_OBJC_ISA_USAGE = YES_ERROR;
				CLANG_WARN_EMPTY_BODY = YES;
				CLANG_WARN_ENUM_CONVERSION = YES;
				CLANG_WARN_INT_CONVERSION = YES;
				CLANG_WARN_OBJC_ROOT_CLASS = YES_ERROR;
				CLANG_WARN_UNREACHABLE_CODE = YES;
				CLANG_WARN__DUPLICATE_METHOD_MATCH = YES;
				"CODE_SIGN_IDENTITY[sdk=iphoneos*]" = "iPhone Developer";
				COPY_PHASE_STRIP = NO;
				DEBUG_INFORMATION_FORMAT = "dwarf-with-dsym";
				ENABLE_STRICT_OBJC_MSGSEND = YES;
				GCC_C_LANGUAGE_STANDARD = gnu99;
				GCC_DYNAMIC_NO_PIC = NO;
				GCC_NO_COMMON_BLOCKS = YES;
				GCC_OPTIMIZATION_LEVEL = 0;
				GCC_PREPROCESSOR_DEFINITIONS = (
					"DEBUG=1",
					"$(inherited)",
				);
				GCC_SYMBOLS_PRIVATE_EXTERN = NO;
				GCC_WARN_64_TO_32_BIT_CONVERSION = YES;
				GCC_WARN_ABOUT_RETURN_TYPE = YES_ERROR;
				GCC_WARN_UNDECLARED_SELECTOR = YES;
				GCC_WARN_UNINITIALIZED_AUTOS = YES_AGGRESSIVE;
				GCC_WARN_UNUSED_FUNCTION = YES;
				GCC_WARN_UNUSED_VARIABLE = YES;
				IPHONEOS_DEPLOYMENT_TARGET = 8.3;
				MTL_ENABLE_DEBUG_INFO = YES;
				ONLY_ACTIVE_ARCH = YES;
				SDKROOT = iphoneos;
				SWIFT_OBJC_BRIDGING_HEADER = "";
				SWIFT_OPTIMIZATION_LEVEL = "-Onone";
			};
			name = Debug;
		};
		9E8C3BFF1B18A32300C57833 /* Release */ = {
			isa = XCBuildConfiguration;
			buildSettings = {
				ALWAYS_SEARCH_USER_PATHS = NO;
				CLANG_CXX_LANGUAGE_STANDARD = "gnu++0x";
				CLANG_CXX_LIBRARY = "libstdc++";
				CLANG_ENABLE_MODULES = YES;
				CLANG_ENABLE_OBJC_ARC = YES;
				CLANG_WARN_BOOL_CONVERSION = YES;
				CLANG_WARN_CONSTANT_CONVERSION = YES;
				CLANG_WARN_DIRECT_OBJC_ISA_USAGE = YES_ERROR;
				CLANG_WARN_EMPTY_BODY = YES;
				CLANG_WARN_ENUM_CONVERSION = YES;
				CLANG_WARN_INT_CONVERSION = YES;
				CLANG_WARN_OBJC_ROOT_CLASS = YES_ERROR;
				CLANG_WARN_UNREACHABLE_CODE = YES;
				CLANG_WARN__DUPLICATE_METHOD_MATCH = YES;
				"CODE_SIGN_IDENTITY[sdk=iphoneos*]" = "iPhone Developer";
				COPY_PHASE_STRIP = NO;
				DEBUG_INFORMATION_FORMAT = "dwarf-with-dsym";
				ENABLE_NS_ASSERTIONS = NO;
				ENABLE_STRICT_OBJC_MSGSEND = YES;
				GCC_C_LANGUAGE_STANDARD = gnu99;
				GCC_NO_COMMON_BLOCKS = YES;
				GCC_WARN_64_TO_32_BIT_CONVERSION = YES;
				GCC_WARN_ABOUT_RETURN_TYPE = YES_ERROR;
				GCC_WARN_UNDECLARED_SELECTOR = YES;
				GCC_WARN_UNINITIALIZED_AUTOS = YES_AGGRESSIVE;
				GCC_WARN_UNUSED_FUNCTION = YES;
				GCC_WARN_UNUSED_VARIABLE = YES;
				IPHONEOS_DEPLOYMENT_TARGET = 8.3;
				MTL_ENABLE_DEBUG_INFO = NO;
				SDKROOT = iphoneos;
				SWIFT_OBJC_BRIDGING_HEADER = "";
				VALIDATE_PRODUCT = YES;
			};
			name = Release;
		};
		9E8C3C011B18A32300C57833 /* Debug */ = {
			isa = XCBuildConfiguration;
			baseConfigurationReference = B21758A94EFD85CF6C3C0630 /* Pods-YRYR.debug.xcconfig */;
			buildSettings = {
				ASSETCATALOG_COMPILER_APPICON_NAME = AppIcon;
				CLANG_ENABLE_MODULES = YES;
				INFOPLIST_FILE = YRYR/Info.plist;
				LD_RUNPATH_SEARCH_PATHS = "$(inherited) @executable_path/Frameworks";
				PRODUCT_NAME = "$(TARGET_NAME)";
				SWIFT_OBJC_BRIDGING_HEADER = "YRYR/YRYR-Bridging-Header.h";
				SWIFT_OPTIMIZATION_LEVEL = "-Onone";
			};
			name = Debug;
		};
		9E8C3C021B18A32300C57833 /* Release */ = {
			isa = XCBuildConfiguration;
			baseConfigurationReference = A5F597D4BE7C786FFA9E3FB0 /* Pods-YRYR.release.xcconfig */;
			buildSettings = {
				ASSETCATALOG_COMPILER_APPICON_NAME = AppIcon;
				CLANG_ENABLE_MODULES = YES;
				INFOPLIST_FILE = YRYR/Info.plist;
				LD_RUNPATH_SEARCH_PATHS = "$(inherited) @executable_path/Frameworks";
				PRODUCT_NAME = "$(TARGET_NAME)";
				SWIFT_OBJC_BRIDGING_HEADER = "YRYR/YRYR-Bridging-Header.h";
			};
			name = Release;
		};
		9E8C3C041B18A32300C57833 /* Debug */ = {
			isa = XCBuildConfiguration;
			baseConfigurationReference = D9057D486511C7DB374E83F0 /* Pods-YRYRTests.debug.xcconfig */;
			buildSettings = {
				BUNDLE_LOADER = "$(TEST_HOST)";
				FRAMEWORK_SEARCH_PATHS = (
					"$(SDKROOT)/Developer/Library/Frameworks",
					"$(inherited)",
				);
				GCC_PREPROCESSOR_DEFINITIONS = (
					"DEBUG=1",
					"$(inherited)",
				);
				INFOPLIST_FILE = YRYRTests/Info.plist;
				LD_RUNPATH_SEARCH_PATHS = "$(inherited) @executable_path/Frameworks @loader_path/Frameworks";
				PRODUCT_NAME = "$(TARGET_NAME)";
				SWIFT_OBJC_BRIDGING_HEADER = "";
				TEST_HOST = "$(BUILT_PRODUCTS_DIR)/YRYR.app/YRYR";
			};
			name = Debug;
		};
		9E8C3C051B18A32300C57833 /* Release */ = {
			isa = XCBuildConfiguration;
			baseConfigurationReference = C8A199934B21681BD333F101 /* Pods-YRYRTests.release.xcconfig */;
			buildSettings = {
				BUNDLE_LOADER = "$(TEST_HOST)";
				FRAMEWORK_SEARCH_PATHS = (
					"$(SDKROOT)/Developer/Library/Frameworks",
					"$(inherited)",
				);
				INFOPLIST_FILE = YRYRTests/Info.plist;
				LD_RUNPATH_SEARCH_PATHS = "$(inherited) @executable_path/Frameworks @loader_path/Frameworks";
				PRODUCT_NAME = "$(TARGET_NAME)";
				SWIFT_OBJC_BRIDGING_HEADER = "";
				TEST_HOST = "$(BUILT_PRODUCTS_DIR)/YRYR.app/YRYR";
			};
			name = Release;
		};
/* End XCBuildConfiguration section */

/* Begin XCConfigurationList section */
		9E8C3BD91B18A32300C57833 /* Build configuration list for PBXProject "YRYR" */ = {
			isa = XCConfigurationList;
			buildConfigurations = (
				9E8C3BFE1B18A32300C57833 /* Debug */,
				9E8C3BFF1B18A32300C57833 /* Release */,
			);
			defaultConfigurationIsVisible = 0;
			defaultConfigurationName = Release;
		};
		9E8C3C001B18A32300C57833 /* Build configuration list for PBXNativeTarget "YRYR" */ = {
			isa = XCConfigurationList;
			buildConfigurations = (
				9E8C3C011B18A32300C57833 /* Debug */,
				9E8C3C021B18A32300C57833 /* Release */,
			);
			defaultConfigurationIsVisible = 0;
			defaultConfigurationName = Release;
		};
		9E8C3C031B18A32300C57833 /* Build configuration list for PBXNativeTarget "YRYRTests" */ = {
			isa = XCConfigurationList;
			buildConfigurations = (
				9E8C3C041B18A32300C57833 /* Debug */,
				9E8C3C051B18A32300C57833 /* Release */,
			);
			defaultConfigurationIsVisible = 0;
			defaultConfigurationName = Release;
		};
/* End XCConfigurationList section */

/* Begin XCVersionGroup section */
		9E8C3BE51B18A32300C57833 /* YRYR.xcdatamodeld */ = {
			isa = XCVersionGroup;
			children = (
				9E8C3BE61B18A32300C57833 /* YRYR.xcdatamodel */,
			);
			currentVersion = 9E8C3BE61B18A32300C57833 /* YRYR.xcdatamodel */;
			path = YRYR.xcdatamodeld;
			sourceTree = "<group>";
			versionGroupType = wrapper.xcdatamodel;
		};
/* End XCVersionGroup section */
	};
	rootObject = 9E8C3BD61B18A32300C57833 /* Project object */;
}
